
Microsoft Visual Studio Solution File, Format Version 12.00
# Visual Studio Version 17
VisualStudioVersion = 17.13.35931.197
MinimumVisualStudioVersion = 10.0.40219.1
Project("{FAE04EC0-301F-11D3-BF4B-00C04F79EFBC}") = "SteamApps", "SteamApps\SteamApps.csproj", "{1098BB81-805A-A38B-435E-8E8485EFE6C3}"
EndProject
Project("{FAE04EC0-301F-11D3-BF4B-00C04F79EFBC}") = "SteamApps.Tests", "SteamApps.Tests\SteamApps.Tests.csproj", "{E9C1C521-5D57-4FB1-395A-2F470D1D4CF8}"
EndProject
Global
	GlobalSection(SolutionConfigurationPlatforms) = preSolution
		Debug|Any CPU = Debug|Any CPU
		Release|Any CPU = Release|Any CPU
	EndGlobalSection
	GlobalSection(ProjectConfigurationPlatforms) = postSolution
		{1098BB81-805A-A38B-435E-8E8485EFE6C3}.Debug|Any CPU.ActiveCfg = Debug|Any CPU
		{1098BB81-805A-A38B-435E-8E8485EFE6C3}.Debug|Any CPU.Build.0 = Debug|Any CPU
		{1098BB81-805A-A38B-435E-8E8485EFE6C3}.Release|Any CPU.ActiveCfg = Release|Any CPU
		{1098BB81-805A-A38B-435E-8E8485EFE6C3}.Release|Any CPU.Build.0 = Release|Any CPU
		{E9C1C521-5D57-4FB1-395A-2F470D1D4CF8}.Debug|Any CPU.ActiveCfg = Debug|Any CPU
		{E9C1C521-5D57-4FB1-395A-2F470D1D4CF8}.Debug|Any CPU.Build.0 = Debug|Any CPU
		{E9C1C521-5D57-4FB1-395A-2F470D1D4CF8}.Release|Any CPU.ActiveCfg = Release|Any CPU
		{E9C1C521-5D57-4FB1-395A-2F470D1D4CF8}.Release|Any CPU.Build.0 = Release|Any CPU
	EndGlobalSection
	GlobalSection(SolutionProperties) = preSolution
		HideSolutionNode = FALSE
	EndGlobalSection
	GlobalSection(ExtensibilityGlobals) = postSolution
		SolutionGuid = {F8185B94-92DD-419F-A72A-D20754CBDB02}
	EndGlobalSection
EndGlobal
